
Microsoft Visual Studio Solution File, Format Version 11.00
# Visual Studio 2010
Project("{FAE04EC0-301F-11D3-BF4B-00C04F79EFBC}") = "Assembly-CSharp", "Assembly-CSharp.csproj", "{198AF6B6-ACD0-1022-2095-3837BF2CDCFC}"
EndProject
Project("{FAE04EC0-301F-11D3-BF4B-00C04F79EFBC}") = "NavMeshComponents", "NavMeshComponents.csproj", "{2C9D6473-5F48-B465-F834-1DF45DB3B632}"
EndProject
Project("{FAE04EC0-301F-11D3-BF4B-00C04F79EFBC}") = "Assembly-CSharp-Editor", "Assembly-CSharp-Editor.csproj", "{448CDE55-5DE5-A3FB-BC8D-6165D4F16280}"
EndProject
Project("{FAE04EC0-301F-11D3-BF4B-00C04F79EFBC}") = "NavMeshComponentsEditor", "NavMeshComponentsEditor.csproj", "{57ADB0FB-59F8-E34F-DBF4-54C3A7948D80}"
EndProject
Global
	GlobalSection(SolutionConfigurationPlatforms) = preSolution
		Debug|Any CPU = Debug|Any CPU
		Release|Any CPU = Release|Any CPU
	EndGlobalSection
	GlobalSection(ProjectConfigurationPlatforms) = postSolution
		{198AF6B6-ACD0-1022-2095-3837BF2CDCFC}.Debug|Any CPU.ActiveCfg = Debug|Any CPU
		{198AF6B6-ACD0-1022-2095-3837BF2CDCFC}.Debug|Any CPU.Build.0 = Debug|Any CPU
		{198AF6B6-ACD0-1022-2095-3837BF2CDCFC}.Release|Any CPU.ActiveCfg = Release|Any CPU
		{198AF6B6-ACD0-1022-2095-3837BF2CDCFC}.Release|Any CPU.Build.0 = Release|Any CPU
		{2C9D6473-5F48-B465-F834-1DF45DB3B632}.Debug|Any CPU.ActiveCfg = Debug|Any CPU
		{2C9D6473-5F48-B465-F834-1DF45DB3B632}.Debug|Any CPU.Build.0 = Debug|Any CPU
		{2C9D6473-5F48-B465-F834-1DF45DB3B632}.Release|Any CPU.ActiveCfg = Release|Any CPU
		{2C9D6473-5F48-B465-F834-1DF45DB3B632}.Release|Any CPU.Build.0 = Release|Any CPU
		{448CDE55-5DE5-A3FB-BC8D-6165D4F16280}.Debug|Any CPU.ActiveCfg = Debug|Any CPU
		{448CDE55-5DE5-A3FB-BC8D-6165D4F16280}.Debug|Any CPU.Build.0 = Debug|Any CPU
		{448CDE55-5DE5-A3FB-BC8D-6165D4F16280}.Release|Any CPU.ActiveCfg = Release|Any CPU
		{448CDE55-5DE5-A3FB-BC8D-6165D4F16280}.Release|Any CPU.Build.0 = Release|Any CPU
		{57ADB0FB-59F8-E34F-DBF4-54C3A7948D80}.Debug|Any CPU.ActiveCfg = Debug|Any CPU
		{57ADB0FB-59F8-E34F-DBF4-54C3A7948D80}.Debug|Any CPU.Build.0 = Debug|Any CPU
		{57ADB0FB-59F8-E34F-DBF4-54C3A7948D80}.Release|Any CPU.ActiveCfg = Release|Any CPU
		{57ADB0FB-59F8-E34F-DBF4-54C3A7948D80}.Release|Any CPU.Build.0 = Release|Any CPU
	EndGlobalSection
	GlobalSection(SolutionProperties) = preSolution
		HideSolutionNode = FALSE
	EndGlobalSection
EndGlobal
